version = 1
revision = 3
requires-python = ">=3.10, <3.14"

[[package]]
name = "fsrs"
version = "6.3.1"
source = { registry = "https://pypi.org/simple" }
dependencies = [
    { name = "typing-extensions" },
]
sdist = { url = "https://files.pythonhosted.org/packages/d7/00/337de60fd5497ea4fed046192d17fa79809ca2aad7326da2e464d9d8950b/fsrs-6.3.1.tar.gz", hash = "sha256:43c5c6056b97266baf6ebfef9e4cadeb9ac5a4e1b29ffdfb300f445b6e6b15ca", size = 32645, upload-time = "2026-03-10T14:01:03.734Z" }
wheels = [
    { url = "https://files.pythonhosted.org/packages/67/3c/e7e140f8cdb95b042cb125ee142e7630187e8e78d21847ca81e9d1e99bb8/fsrs-6.3.1-py3-none-any.whl", hash = "sha256:ac1bf9939573592d8c9bc1e11a00bd17e04146dc9f2c913127e2bcc431b9040b", size = 22840, upload-time = "2026-03-10T14:01:01.084Z" },
]

[[package]]
name = "prax-teach-v2-runtime"
version = "0.1.0"
source = { virtual = "." }
dependencies = [
    { name = "fsrs" },
]

[package.metadata]
requires-dist = [{ name = "fsrs", specifier = "==6.3.1" }]

[[package]]
name = "typing-extensions"
version = "4.16.0"
source = { registry = "https://pypi.org/simple" }
sdist = { url = "https://files.pythonhosted.org/packages/f6/cc/6253133b5bb138fc3306cebfbda2c520f545d36b5be2c7255cc528bb45d6/typing_extensions-4.16.0.tar.gz", hash = "sha256:dc983d19a509c94dba722ee6abd33940f7c05a89e243c47e907eb4db6f1a43e5", size = 113555, upload-time = "2026-07-02T08:40:05.92Z" }
wheels = [
    { url = "https://files.pythonhosted.org/packages/49/d3/b8441a820a491ddfc024b0b0cf0393375b75ea13866d9c66727e54c2fc80/typing_extensions-4.16.0-py3-none-any.whl", hash = "sha256:481caa481374e813c1b176ada14e97f1f67a4539ce9cfeb3f350d78d6370c2e8", size = 45571, upload-time = "2026-07-02T08:40:04.659Z" },
]
